
Microsoft Visual Studio Solution File, Format Version 12.00
# Visual Studio 15
VisualStudioVersion = 15.0.27004.2006
MinimumVisualStudioVersion = 10.0.40219.1
Project("{9A19103F-16F7-4668-BE54-9A1E7A4F7556}") = "diary", "diary.csproj", "{7C1CAF12-E5EC-45A5-8BD3-BDF4E2D3F28A}"
EndProject
Global
	GlobalSection(SolutionConfigurationPlatforms) = preSolution
		Debug|Any CPU = Debug|Any CPU
		Release|Any CPU = Release|Any CPU
	EndGlobalSection
	GlobalSection(ProjectConfigurationPlatforms) = postSolution
		{7C1CAF12-E5EC-45A5-8BD3-BDF4E2D3F28A}.Debug|Any CPU.ActiveCfg = Debug|Any CPU
		{7C1CAF12-E5EC-45A5-8BD3-BDF4E2D3F28A}.Debug|Any CPU.Build.0 = Debug|Any CPU
		{7C1CAF12-E5EC-45A5-8BD3-BDF4E2D3F28A}.Release|Any CPU.ActiveCfg = Release|Any CPU
		{7C1CAF12-E5EC-45A5-8BD3-BDF4E2D3F28A}.Release|Any CPU.Build.0 = Release|Any CPU
	EndGlobalSection
	GlobalSection(SolutionProperties) = preSolution
		HideSolutionNode = FALSE
	EndGlobalSection
	GlobalSection(ExtensibilityGlobals) = postSolution
		SolutionGuid = {CAA3A4B7-6BB5-47D5-8F8C-AFA11EBD9648}
	EndGlobalSection
EndGlobal
